
Microsoft Visual Studio Solution File, Format Version 12.00
# Visual Studio Version 17
VisualStudioVersion = 17.5.33530.505
MinimumVisualStudioVersion = 10.0.40219.1
Project("{9A19103F-16F7-4668-BE54-9A1E7A4F7556}") = "DmsExplorer", "DmsExplorer\DmsExplorer.csproj", "{A1E50657-6213-4147-A5AF-A42F928BACE3}"
EndProject
Project("{9A19103F-16F7-4668-BE54-9A1E7A4F7556}") = "DmsExplorer.Desktop", "DmsExplorer.Desktop\DmsExplorer.Desktop.csproj", "{1E4A9B7C-E21C-471D-9849-532F1616355C}"
EndProject
Project("{9A19103F-16F7-4668-BE54-9A1E7A4F7556}") = "DmsUtils", "DmsUtils\DmsUtils.csproj", "{5680E277-8444-4C85-8C60-FB612DCEF44D}"
EndProject
Project("{9A19103F-16F7-4668-BE54-9A1E7A4F7556}") = "DmsExplorer.Android", "DmsExplorer.Android\DmsExplorer.Android.csproj", "{09F6739E-84CB-44BC-B33E-29BF66EBA6CD}"
EndProject
Global
	GlobalSection(SolutionConfigurationPlatforms) = preSolution
		Debug|Any CPU = Debug|Any CPU
		Release|Any CPU = Release|Any CPU
	EndGlobalSection
	GlobalSection(ProjectConfigurationPlatforms) = postSolution
		{A1E50657-6213-4147-A5AF-A42F928BACE3}.Debug|Any CPU.ActiveCfg = Debug|Any CPU
		{A1E50657-6213-4147-A5AF-A42F928BACE3}.Debug|Any CPU.Build.0 = Debug|Any CPU
		{A1E50657-6213-4147-A5AF-A42F928BACE3}.Release|Any CPU.ActiveCfg = Release|Any CPU
		{A1E50657-6213-4147-A5AF-A42F928BACE3}.Release|Any CPU.Build.0 = Release|Any CPU
		{1E4A9B7C-E21C-471D-9849-532F1616355C}.Debug|Any CPU.ActiveCfg = Debug|Any CPU
		{1E4A9B7C-E21C-471D-9849-532F1616355C}.Debug|Any CPU.Build.0 = Debug|Any CPU
		{1E4A9B7C-E21C-471D-9849-532F1616355C}.Release|Any CPU.ActiveCfg = Release|Any CPU
		{1E4A9B7C-E21C-471D-9849-532F1616355C}.Release|Any CPU.Build.0 = Release|Any CPU
		{5680E277-8444-4C85-8C60-FB612DCEF44D}.Debug|Any CPU.ActiveCfg = Debug|Any CPU
		{5680E277-8444-4C85-8C60-FB612DCEF44D}.Debug|Any CPU.Build.0 = Debug|Any CPU
		{5680E277-8444-4C85-8C60-FB612DCEF44D}.Release|Any CPU.ActiveCfg = Release|Any CPU
		{5680E277-8444-4C85-8C60-FB612DCEF44D}.Release|Any CPU.Build.0 = Release|Any CPU
		{09F6739E-84CB-44BC-B33E-29BF66EBA6CD}.Debug|Any CPU.ActiveCfg = Debug|Any CPU
		{09F6739E-84CB-44BC-B33E-29BF66EBA6CD}.Debug|Any CPU.Build.0 = Debug|Any CPU
		{09F6739E-84CB-44BC-B33E-29BF66EBA6CD}.Debug|Any CPU.Deploy.0 = Debug|Any CPU
		{09F6739E-84CB-44BC-B33E-29BF66EBA6CD}.Release|Any CPU.ActiveCfg = Release|Any CPU
		{09F6739E-84CB-44BC-B33E-29BF66EBA6CD}.Release|Any CPU.Build.0 = Release|Any CPU
		{09F6739E-84CB-44BC-B33E-29BF66EBA6CD}.Release|Any CPU.Deploy.0 = Release|Any CPU
	EndGlobalSection
	GlobalSection(SolutionProperties) = preSolution
		HideSolutionNode = FALSE
	EndGlobalSection
	GlobalSection(ExtensibilityGlobals) = postSolution
		SolutionGuid = {904D92FD-ADAE-44F0-9A88-82A818364344}
	EndGlobalSection
EndGlobal
